
Microsoft Visual Studio Solution File, Format Version 12.00
# Visual Studio Version 16
VisualStudioVersion = 16.0.31019.35
MinimumVisualStudioVersion = 10.0.40219.1
Project("{FAE04EC0-301F-11D3-BF4B-00C04F79EFBC}") = "Metotlar", "Metotlar\Metotlar.csproj", "{2B40150A-21D4-4190-AC73-DD74F491FB2E}"
EndProject
Project("{FAE04EC0-301F-11D3-BF4B-00C04F79EFBC}") = "Matematik", "Matematik\Matematik.csproj", "{90EBAD04-18E6-4FB4-96B9-E0D3278A5048}"
EndProject
Global
	GlobalSection(SolutionConfigurationPlatforms) = preSolution
		Debug|Any CPU = Debug|Any CPU
		Release|Any CPU = Release|Any CPU
	EndGlobalSection
	GlobalSection(ProjectConfigurationPlatforms) = postSolution
		{2B40150A-21D4-4190-AC73-DD74F491FB2E}.Debug|Any CPU.ActiveCfg = Debug|Any CPU
		{2B40150A-21D4-4190-AC73-DD74F491FB2E}.Debug|Any CPU.Build.0 = Debug|Any CPU
		{2B40150A-21D4-4190-AC73-DD74F491FB2E}.Release|Any CPU.ActiveCfg = Release|Any CPU
		{2B40150A-21D4-4190-AC73-DD74F491FB2E}.Release|Any CPU.Build.0 = Release|Any CPU
		{90EBAD04-18E6-4FB4-96B9-E0D3278A5048}.Debug|Any CPU.ActiveCfg = Debug|Any CPU
		{90EBAD04-18E6-4FB4-96B9-E0D3278A5048}.Debug|Any CPU.Build.0 = Debug|Any CPU
		{90EBAD04-18E6-4FB4-96B9-E0D3278A5048}.Release|Any CPU.ActiveCfg = Release|Any CPU
		{90EBAD04-18E6-4FB4-96B9-E0D3278A5048}.Release|Any CPU.Build.0 = Release|Any CPU
	EndGlobalSection
	GlobalSection(SolutionProperties) = preSolution
		HideSolutionNode = FALSE
	EndGlobalSection
	GlobalSection(ExtensibilityGlobals) = postSolution
		SolutionGuid = {1BCC8038-1328-443C-9509-62A44468F78D}
	EndGlobalSection
EndGlobal
